
Microsoft Visual Studio Solution File, Format Version 12.00
# Visual Studio Version 17
VisualStudioVersion = 17.10.34928.147
MinimumVisualStudioVersion = 10.0.40219.1
Project("{9A19103F-16F7-4668-BE54-9A1E7A4F7556}") = "QuizzWeb", "QuizzWeb\QuizzWeb.csproj", "{396C0011-E561-43A8-9541-C2CB188EACC7}"
EndProject
Global
	GlobalSection(SolutionConfigurationPlatforms) = preSolution
		Debug|Any CPU = Debug|Any CPU
		Release|Any CPU = Release|Any CPU
	EndGlobalSection
	GlobalSection(ProjectConfigurationPlatforms) = postSolution
		{396C0011-E561-43A8-9541-C2CB188EACC7}.Debug|Any CPU.ActiveCfg = Debug|Any CPU
		{396C0011-E561-43A8-9541-C2CB188EACC7}.Debug|Any CPU.Build.0 = Debug|Any CPU
		{396C0011-E561-43A8-9541-C2CB188EACC7}.Release|Any CPU.ActiveCfg = Release|Any CPU
		{396C0011-E561-43A8-9541-C2CB188EACC7}.Release|Any CPU.Build.0 = Release|Any CPU
	EndGlobalSection
	GlobalSection(SolutionProperties) = preSolution
		HideSolutionNode = FALSE
	EndGlobalSection
	GlobalSection(ExtensibilityGlobals) = postSolution
		SolutionGuid = {7E6D45C2-F302-432C-ADDA-44C6C2FD1B93}
	EndGlobalSection
EndGlobal
